{
  "name": "template",
  "version": "0.0.1",
  "lockfileVersion": 1,
  "requires": true,
  "dependencies": {
    "xila": {
      "version": "0.0.11",
      "resolved": "https://registry.npmjs.org/xila/-/xila-0.0.11.tgz",
      "integrity": "sha512-CA2fSEhrNwn3RFgkcUifK3w27IBRtObCPIiTRH42iTvPDSjLj48CRVcssB1GBVA+AKyIIgnIHujNjHhrQf3DrA==",
      "dev": true
    }
  }
}
